// !$*UTF8*$!
{
	archiveVersion = 1;
	classes = {
	};
	objectVersion = 56;
	objects = {

/* Begin PBXBuildFile section */
		44A4DED82C9B619500EEFD4C /* AppDelegate.swift in Sources */ = {isa = PBXBuildFile; fileRef = 44A4DED72C9B619500EEFD4C /* AppDelegate.swift */; };
		44A4DEDA2C9B619500EEFD4C /* SceneDelegate.swift in Sources */ = {isa = PBXBuildFile; fileRef = 44A4DED92C9B619500EEFD4C /* SceneDelegate.swift */; };
		44A4DEDC2C9B619500EEFD4C /* ViewController.swift in Sources */ = {isa = PBXBuildFile; fileRef = 44A4DEDB2C9B619500EEFD4C /* ViewController.swift */; };
		44A4DEDF2C9B619500EEFD4C /* Base in Resources */ = {isa = PBXBuildFile; fileRef = 44A4DEDE2C9B619500EEFD4C /* Base */; };
		44A4DEE12C9B619700EEFD4C /* Assets.xcassets in Resources */ = {isa = PBXBuildFile; fileRef = 44A4DEE02C9B619700EEFD4C /* Assets.xcassets */; };
		44A4DEE42C9B619700EEFD4C /* Base in Resources */ = {isa = PBXBuildFile; fileRef = 44A4DEE32C9B619700EEFD4C /* Base */; };
		44A4DEEE2C9B678B00EEFD4C /* SignInViewController.swift in Sources */ = {isa = PBXBuildFile; fileRef = 44A4DEED2C9B678B00EEFD4C /* SignInViewController.swift */; };
		44A4DEF12C9B698700EEFD4C /* SignUpViewController.swift in Sources */ = {isa = PBXBuildFile; fileRef = 44A4DEF02C9B698700EEFD4C /* SignUpViewController.swift */; };
/* End PBXBuildFile section */

/* Begin PBXFileReference section */
		44A4DED42C9B619500EEFD4C /* 10 Food.app */ = {isa = PBXFileReference; explicitFileType = wrapper.application; includeInIndex = 0; path = "10 Food.app"; sourceTree = BUILT_PRODUCTS_DIR; };
		44A4DED72C9B619500EEFD4C /* AppDelegate.swift */ = {isa = PBXFileReference; lastKnownFileType = sourcecode.swift; path = AppDelegate.swift; sourceTree = "<group>"; };
		44A4DED92C9B619500EEFD4C /* SceneDelegate.swift */ = {isa = PBXFileReference; lastKnownFileType = sourcecode.swift; path = SceneDelegate.swift; sourceTree = "<group>"; };
		44A4DEDB2C9B619500EEFD4C /* ViewController.swift */ = {isa = PBXFileReference; lastKnownFileType = sourcecode.swift; path = ViewController.swift; sourceTree = "<group>"; };
		44A4DEDE2C9B619500EEFD4C /* Base */ = {isa = PBXFileReference; lastKnownFileType = file.storyboard; name = Base; path = Base.lproj/Main.storyboard; sourceTree = "<group>"; };
		44A4DEE02C9B619700EEFD4C /* Assets.xcassets */ = {isa = PBXFileReference; lastKnownFileType = folder.assetcatalog; path = Assets.xcassets; sourceTree = "<group>"; };
		44A4DEE32C9B619700EEFD4C /* Base */ = {isa = PBXFileReference; lastKnownFileType = file.storyboard; name = Base; path = Base.lproj/LaunchScreen.storyboard; sourceTree = "<group>"; };
		44A4DEE52C9B619700EEFD4C /* Info.plist */ = {isa = PBXFileReference; lastKnownFileType = text.plist.xml; path = Info.plist; sourceTree = "<group>"; };
		44A4DEED2C9B678B00EEFD4C /* SignInViewController.swift */ = {isa = PBXFileReference; lastKnownFileType = sourcecode.swift; path = SignInViewController.swift; sourceTree = "<group>"; };
		44A4DEF02C9B698700EEFD4C /* SignUpViewController.swift */ = {isa = PBXFileReference; lastKnownFileType = sourcecode.swift; path = SignUpViewController.swift; sourceTree = "<group>"; };
/* End PBXFileReference section */

/* Begin PBXFrameworksBuildPhase section */
		44A4DED12C9B619500EEFD4C /* Frameworks */ = {
			isa = PBXFrameworksBuildPhase;
			buildActionMask = 2147483647;
			files = (
			);
			runOnlyForDeploymentPostprocessing = 0;
		};
/* End PBXFrameworksBuildPhase section */

/* Begin PBXGroup section */
		44A4DECB2C9B619500EEFD4C = {
			isa = PBXGroup;
			children = (
				44A4DED62C9B619500EEFD4C /* 10 Food */,
				44A4DED52C9B619500EEFD4C /* Products */,
			);
			sourceTree = "<group>";
		};
		44A4DED52C9B619500EEFD4C /* Products */ = {
			isa = PBXGroup;
			children = (
				44A4DED42C9B619500EEFD4C /* 10 Food.app */,
			);
			name = Products;
			sourceTree = "<group>";
		};
		44A4DED62C9B619500EEFD4C /* 10 Food */ = {
			isa = PBXGroup;
			children = (
				44A4DEEF2C9B696800EEFD4C /* SignUp */,
				44A4DEEC2C9B676E00EEFD4C /* SignIn */,
				44A4DEEB2C9B672C00EEFD4C /* Storyboards */,
				44A4DED72C9B619500EEFD4C /* AppDelegate.swift */,
				44A4DED92C9B619500EEFD4C /* SceneDelegate.swift */,
				44A4DEDB2C9B619500EEFD4C /* ViewController.swift */,
				44A4DEE02C9B619700EEFD4C /* Assets.xcassets */,
				44A4DEE52C9B619700EEFD4C /* Info.plist */,
			);
			path = "10 Food";
			sourceTree = "<group>";
		};
		44A4DEEB2C9B672C00EEFD4C /* Storyboards */ = {
			isa = PBXGroup;
			children = (
				44A4DEDD2C9B619500EEFD4C /* Main.storyboard */,
				44A4DEE22C9B619700EEFD4C /* LaunchScreen.storyboard */,
			);
			path = Storyboards;
			sourceTree = "<group>";
		};
		44A4DEEC2C9B676E00EEFD4C /* SignIn */ = {
			isa = PBXGroup;
			children = (
				44A4DEED2C9B678B00EEFD4C /* SignInViewController.swift */,
			);
			path = SignIn;
			sourceTree = "<group>";
		};
		44A4DEEF2C9B696800EEFD4C /* SignUp */ = {
			isa = PBXGroup;
			children = (
				44A4DEF02C9B698700EEFD4C /* SignUpViewController.swift */,
			);
			path = SignUp;
			sourceTree = "<group>";
		};
/* End PBXGroup section */

/* Begin PBXNativeTarget section */
		44A4DED32C9B619500EEFD4C /* 10 Food */ = {
			isa = PBXNativeTarget;
			buildConfigurationList = 44A4DEE82C9B619700EEFD4C /* Build configuration list for PBXNativeTarget "10 Food" */;
			buildPhases = (
				44A4DED02C9B619500EEFD4C /* Sources */,
				44A4DED12C9B619500EEFD4C /* Frameworks */,
				44A4DED22C9B619500EEFD4C /* Resources */,
			);
			buildRules = (
			);
			dependencies = (
			);
			name = "10 Food";
			productName = "10 Food";
			productReference = 44A4DED42C9B619500EEFD4C /* 10 Food.app */;
			productType = "com.apple.product-type.application";
		};
/* End PBXNativeTarget section */

/* Begin PBXProject section */
		44A4DECC2C9B619500EEFD4C /* Project object */ = {
			isa = PBXProject;
			attributes = {
				BuildIndependentTargetsInParallel = 1;
				LastSwiftUpdateCheck = 1540;
				LastUpgradeCheck = 1540;
				TargetAttributes = {
					44A4DED32C9B619500EEFD4C = {
						CreatedOnToolsVersion = 15.4;
					};
				};
			};
			buildConfigurationList = 44A4DECF2C9B619500EEFD4C /* Build configuration list for PBXProject "10 Food" */;
			compatibilityVersion = "Xcode 14.0";
			developmentRegion = en;
			hasScannedForEncodings = 0;
			knownRegions = (
				en,
				Base,
			);
			mainGroup = 44A4DECB2C9B619500EEFD4C;
			productRefGroup = 44A4DED52C9B619500EEFD4C /* Products */;
			projectDirPath = "";
			projectRoot = "";
			targets = (
				44A4DED32C9B619500EEFD4C /* 10 Food */,
			);
		};
/* End PBXProject section */

/* Begin PBXResourcesBuildPhase section */
		44A4DED22C9B619500EEFD4C /* Resources */ = {
			isa = PBXResourcesBuildPhase;
			buildActionMask = 2147483647;
			files = (
				44A4DEE12C9B619700EEFD4C /* Assets.xcassets in Resources */,
				44A4DEE42C9B619700EEFD4C /* Base in Resources */,
				44A4DEDF2C9B619500EEFD4C /* Base in Resources */,
			);
			runOnlyForDeploymentPostprocessing = 0;
		};
/* End PBXResourcesBuildPhase section */

/* Begin PBXSourcesBuildPhase section */
		44A4DED02C9B619500EEFD4C /* Sources */ = {
			isa = PBXSourcesBuildPhase;
			buildActionMask = 2147483647;
			files = (
				44A4DEEE2C9B678B00EEFD4C /* SignInViewController.swift in Sources */,
				44A4DEDC2C9B619500EEFD4C /* ViewController.swift in Sources */,
				44A4DED82C9B619500EEFD4C /* AppDelegate.swift in Sources */,
				44A4DEDA2C9B619500EEFD4C /* SceneDelegate.swift in Sources */,
				44A4DEF12C9B698700EEFD4C /* SignUpViewController.swift in Sources */,
			);
			runOnlyForDeploymentPostprocessing = 0;
		};
/* End PBXSourcesBuildPhase section */

/* Begin PBXVariantGroup section */
		44A4DEDD2C9B619500EEFD4C /* Main.storyboard */ = {
			isa = PBXVariantGroup;
			children = (
				44A4DEDE2C9B619500EEFD4C /* Base */,
			);
			name = Main.storyboard;
			sourceTree = "<group>";
		};
		44A4DEE22C9B619700EEFD4C /* LaunchScreen.storyboard */ = {
			isa = PBXVariantGroup;
			children = (
				44A4DEE32C9B619700EEFD4C /* Base */,
			);
			name = LaunchScreen.storyboard;
			sourceTree = "<group>";
		};
/* End PBXVariantGroup section */

/* Begin XCBuildConfiguration section */
		44A4DEE62C9B619700EEFD4C /* Debug */ = {
			isa = XCBuildConfiguration;
			buildSettings = {
				ALWAYS_SEARCH_USER_PATHS = NO;
				ASSETCATALOG_COMPILER_GENERATE_SWIFT_ASSET_SYMBOL_EXTENSIONS = YES;
				CLANG_ANALYZER_NONNULL = YES;
				CLANG_ANALYZER_NUMBER_OBJECT_CONVERSION = YES_AGGRESSIVE;
				CLANG_CXX_LANGUAGE_STANDARD = "gnu++20";
				CLANG_ENABLE_MODULES = YES;
				CLANG_ENABLE_OBJC_ARC = YES;
				CLANG_ENABLE_OBJC_WEAK = YES;
				CLANG_WARN_BLOCK_CAPTURE_AUTORELEASING = YES;
				CLANG_WARN_BOOL_CONVERSION = YES;
				CLANG_WARN_COMMA = YES;
				CLANG_WARN_CONSTANT_CONVERSION = YES;
				CLANG_WARN_DEPRECATED_OBJC_IMPLEMENTATIONS = YES;
				CLANG_WARN_DIRECT_OBJC_ISA_USAGE = YES_ERROR;
				CLANG_WARN_DOCUMENTATION_COMMENTS = YES;
				CLANG_WARN_EMPTY_BODY = YES;
				CLANG_WARN_ENUM_CONVERSION = YES;
				CLANG_WARN_INFINITE_RECURSION = YES;
				CLANG_WARN_INT_CONVERSION = YES;
				CLANG_WARN_NON_LITERAL_NULL_CONVERSION = YES;
				CLANG_WARN_OBJC_IMPLICIT_RETAIN_SELF = YES;
				CLANG_WARN_OBJC_LITERAL_CONVERSION = YES;
				CLANG_WARN_OBJC_ROOT_CLASS = YES_ERROR;
				CLANG_WARN_QUOTED_INCLUDE_IN_FRAMEWORK_HEADER = YES;
				CLANG_WARN_RANGE_LOOP_ANALYSIS = YES;
				CLANG_WARN_STRICT_PROTOTYPES = YES;
				CLANG_WARN_SUSPICIOUS_MOVE = YES;
				CLANG_WARN_UNGUARDED_AVAILABILITY = YES_AGGRESSIVE;
				CLANG_WARN_UNREACHABLE_CODE = YES;
				CLANG_WARN__DUPLICATE_METHOD_MATCH = YES;
				COPY_PHASE_STRIP = NO;
				DEBUG_INFORMATION_FORMAT = dwarf;
				ENABLE_STRICT_OBJC_MSGSEND = YES;
				ENABLE_TESTABILITY = YES;
				ENABLE_USER_SCRIPT_SANDBOXING = YES;
				GCC_C_LANGUAGE_STANDARD = gnu17;
				GCC_DYNAMIC_NO_PIC = NO;
				GCC_NO_COMMON_BLOCKS = YES;
				GCC_OPTIMIZATION_LEVEL = 0;
				GCC_PREPROCESSOR_DEFINITIONS = (
					"DEBUG=1",
					"$(inherited)",
				);
				GCC_WARN_64_TO_32_BIT_CONVERSION = YES;
				GCC_WARN_ABOUT_RETURN_TYPE = YES_ERROR;
				GCC_WARN_UNDECLARED_SELECTOR = YES;
				GCC_WARN_UNINITIALIZED_AUTOS = YES_AGGRESSIVE;
				GCC_WARN_UNUSED_FUNCTION = YES;
				GCC_WARN_UNUSED_VARIABLE = YES;
				IPHONEOS_DEPLOYMENT_TARGET = 17.5;
				LOCALIZATION_PREFERS_STRING_CATALOGS = YES;
				MTL_ENABLE_DEBUG_INFO = INCLUDE_SOURCE;
				MTL_FAST_MATH = YES;
				ONLY_ACTIVE_ARCH = YES;
				SDKROOT = iphoneos;
				SWIFT_ACTIVE_COMPILATION_CONDITIONS = "DEBUG $(inherited)";
				SWIFT_OPTIMIZATION_LEVEL = "-Onone";
			};
			name = Debug;
		};
		44A4DEE72C9B619700EEFD4C /* Release */ = {
			isa = XCBuildConfiguration;
			buildSettings = {
				ALWAYS_SEARCH_USER_PATHS = NO;
				ASSETCATALOG_COMPILER_GENERATE_SWIFT_ASSET_SYMBOL_EXTENSIONS = YES;
				CLANG_ANALYZER_NONNULL = YES;
				CLANG_ANALYZER_NUMBER_OBJECT_CONVERSION = YES_AGGRESSIVE;
				CLANG_CXX_LANGUAGE_STANDARD = "gnu++20";
				CLANG_ENABLE_MODULES = YES;
				CLANG_ENABLE_OBJC_ARC = YES;
				CLANG_ENABLE_OBJC_WEAK = YES;
				CLANG_WARN_BLOCK_CAPTURE_AUTORELEASING = YES;
				CLANG_WARN_BOOL_CONVERSION = YES;
				CLANG_WARN_COMMA = YES;
				CLANG_WARN_CONSTANT_CONVERSION = YES;
				CLANG_WARN_DEPRECATED_OBJC_IMPLEMENTATIONS = YES;
				CLANG_WARN_DIRECT_OBJC_ISA_USAGE = YES_ERROR;
				CLANG_WARN_DOCUMENTATION_COMMENTS = YES;
				CLANG_WARN_EMPTY_BODY = YES;
				CLANG_WARN_ENUM_CONVERSION = YES;
				CLANG_WARN_INFINITE_RECURSION = YES;
				CLANG_WARN_INT_CONVERSION = YES;
				CLANG_WARN_NON_LITERAL_NULL_CONVERSION = YES;
				CLANG_WARN_OBJC_IMPLICIT_RETAIN_SELF = YES;
				CLANG_WARN_OBJC_LITERAL_CONVERSION = YES;
				CLANG_WARN_OBJC_ROOT_CLASS = YES_ERROR;
				CLANG_WARN_QUOTED_INCLUDE_IN_FRAMEWORK_HEADER = YES;
				CLANG_WARN_RANGE_LOOP_ANALYSIS = YES;
				CLANG_WARN_STRICT_PROTOTYPES = YES;
				CLANG_WARN_SUSPICIOUS_MOVE = YES;
				CLANG_WARN_UNGUARDED_AVAILABILITY = YES_AGGRESSIVE;
				CLANG_WARN_UNREACHABLE_CODE = YES;
				CLANG_WARN__DUPLICATE_METHOD_MATCH = YES;
				COPY_PHASE_STRIP = NO;
				DEBUG_INFORMATION_FORMAT = "dwarf-with-dsym";
				ENABLE_NS_ASSERTIONS = NO;
				ENABLE_STRICT_OBJC_MSGSEND = YES;
				ENABLE_USER_SCRIPT_SANDBOXING = YES;
				GCC_C_LANGUAGE_STANDARD = gnu17;
				GCC_NO_COMMON_BLOCKS = YES;
				GCC_WARN_64_TO_32_BIT_CONVERSION = YES;
				GCC_WARN_ABOUT_RETURN_TYPE = YES_ERROR;
				GCC_WARN_UNDECLARED_SELECTOR = YES;
				GCC_WARN_UNINITIALIZED_AUTOS = YES_AGGRESSIVE;
				GCC_WARN_UNUSED_FUNCTION = YES;
				GCC_WARN_UNUSED_VARIABLE = YES;
				IPHONEOS_DEPLOYMENT_TARGET = 17.5;
				LOCALIZATION_PREFERS_STRING_CATALOGS = YES;
				MTL_ENABLE_DEBUG_INFO = NO;
				MTL_FAST_MATH = YES;
				SDKROOT = iphoneos;
				SWIFT_COMPILATION_MODE = wholemodule;
				VALIDATE_PRODUCT = YES;
			};
			name = Release;
		};
		44A4DEE92C9B619700EEFD4C /* Debug */ = {
			isa = XCBuildConfiguration;
			buildSettings = {
				ASSETCATALOG_COMPILER_APPICON_NAME = AppIcon;
				ASSETCATALOG_COMPILER_GLOBAL_ACCENT_COLOR_NAME = AccentColor;
				CODE_SIGN_STYLE = Automatic;
				CURRENT_PROJECT_VERSION = 1;
				GENERATE_INFOPLIST_FILE = YES;
				INFOPLIST_FILE = "10 Food/Info.plist";
				INFOPLIST_KEY_UIApplicationSupportsIndirectInputEvents = YES;
				INFOPLIST_KEY_UILaunchStoryboardName = LaunchScreen;
				INFOPLIST_KEY_UIMainStoryboardFile = Main;
				INFOPLIST_KEY_UISupportedInterfaceOrientations_iPad = "UIInterfaceOrientationPortrait UIInterfaceOrientationPortraitUpsideDown UIInterfaceOrientationLandscapeLeft UIInterfaceOrientationLandscapeRight";
				INFOPLIST_KEY_UISupportedInterfaceOrientations_iPhone = "UIInterfaceOrientationPortrait UIInterfaceOrientationLandscapeLeft UIInterfaceOrientationLandscapeRight";
				LD_RUNPATH_SEARCH_PATHS = (
					"$(inherited)",
					"@executable_path/Frameworks",
				);
				MARKETING_VERSION = 1.0;
				PRODUCT_BUNDLE_IDENTIFIER = "toto.-0-Food";
				PRODUCT_NAME = "$(TARGET_NAME)";
				SWIFT_EMIT_LOC_STRINGS = YES;
				SWIFT_VERSION = 5.0;
				TARGETED_DEVICE_FAMILY = "1,2";
			};
			name = Debug;
		};
		44A4DEEA2C9B619700EEFD4C /* Release */ = {
			isa = XCBuildConfiguration;
			buildSettings = {
				ASSETCATALOG_COMPILER_APPICON_NAME = AppIcon;
				ASSETCATALOG_COMPILER_GLOBAL_ACCENT_COLOR_NAME = AccentColor;
				CODE_SIGN_STYLE = Automatic;
				CURRENT_PROJECT_VERSION = 1;
				GENERATE_INFOPLIST_FILE = YES;
				INFOPLIST_FILE = "10 Food/Info.plist";
				INFOPLIST_KEY_UIApplicationSupportsIndirectInputEvents = YES;
				INFOPLIST_KEY_UILaunchStoryboardName = LaunchScreen;
				INFOPLIST_KEY_UIMainStoryboardFile = Main;
				INFOPLIST_KEY_UISupportedInterfaceOrientations_iPad = "UIInterfaceOrientationPortrait UIInterfaceOrientationPortraitUpsideDown UIInterfaceOrientationLandscapeLeft UIInterfaceOrientationLandscapeRight";
				INFOPLIST_KEY_UISupportedInterfaceOrientations_iPhone = "UIInterfaceOrientationPortrait UIInterfaceOrientationLandscapeLeft UIInterfaceOrientationLandscapeRight";
				LD_RUNPATH_SEARCH_PATHS = (
					"$(inherited)",
					"@executable_path/Frameworks",
				);
				MARKETING_VERSION = 1.0;
				PRODUCT_BUNDLE_IDENTIFIER = "toto.-0-Food";
				PRODUCT_NAME = "$(TARGET_NAME)";
				SWIFT_EMIT_LOC_STRINGS = YES;
				SWIFT_VERSION = 5.0;
				TARGETED_DEVICE_FAMILY = "1,2";
			};
			name = Release;
		};
/* End XCBuildConfiguration section */

/* Begin XCConfigurationList section */
		44A4DECF2C9B619500EEFD4C /* Build configuration list for PBXProject "10 Food" */ = {
			isa = XCConfigurationList;
			buildConfigurations = (
				44A4DEE62C9B619700EEFD4C /* Debug */,
				44A4DEE72C9B619700EEFD4C /* Release */,
			);
			defaultConfigurationIsVisible = 0;
			defaultConfigurationName = Release;
		};
		44A4DEE82C9B619700EEFD4C /* Build configuration list for PBXNativeTarget "10 Food" */ = {
			isa = XCConfigurationList;
			buildConfigurations = (
				44A4DEE92C9B619700EEFD4C /* Debug */,
				44A4DEEA2C9B619700EEFD4C /* Release */,
			);
			defaultConfigurationIsVisible = 0;
			defaultConfigurationName = Release;
		};
/* End XCConfigurationList section */
	};
	rootObject = 44A4DECC2C9B619500EEFD4C /* Project object */;
}
